
Microsoft Visual Studio Solution File, Format Version 11.00
# Visual Studio 2010
Project("{FAE04EC0-301F-11D3-BF4B-00C04F79EFBC}") = "CodeBase", "CodeBase\CodeBase.csproj", "{5A8D17F0-1E08-4BC2-83AF-628A4D97CA0B}"
EndProject
Project("{FAE04EC0-301F-11D3-BF4B-00C04F79EFBC}") = "CodeBase.Tests", "CodeBase.Tests\CodeBase.Tests.csproj", "{8125E195-88B3-426C-B54E-F2902551C55D}"
EndProject
Global
	GlobalSection(SolutionConfigurationPlatforms) = preSolution
		Debug|Any CPU = Debug|Any CPU
		Release|Any CPU = Release|Any CPU
	EndGlobalSection
	GlobalSection(ProjectConfigurationPlatforms) = postSolution
		{5A8D17F0-1E08-4BC2-83AF-628A4D97CA0B}.Debug|Any CPU.ActiveCfg = Debug|Any CPU
		{5A8D17F0-1E08-4BC2-83AF-628A4D97CA0B}.Debug|Any CPU.Build.0 = Debug|Any CPU
		{5A8D17F0-1E08-4BC2-83AF-628A4D97CA0B}.Release|Any CPU.ActiveCfg = Release|Any CPU
		{5A8D17F0-1E08-4BC2-83AF-628A4D97CA0B}.Release|Any CPU.Build.0 = Release|Any CPU
		{8125E195-88B3-426C-B54E-F2902551C55D}.Debug|Any CPU.ActiveCfg = Debug|Any CPU
		{8125E195-88B3-426C-B54E-F2902551C55D}.Debug|Any CPU.Build.0 = Debug|Any CPU
		{8125E195-88B3-426C-B54E-F2902551C55D}.Release|Any CPU.ActiveCfg = Release|Any CPU
		{8125E195-88B3-426C-B54E-F2902551C55D}.Release|Any CPU.Build.0 = Release|Any CPU
	EndGlobalSection
	GlobalSection(SolutionProperties) = preSolution
		HideSolutionNode = FALSE
	EndGlobalSection
EndGlobal
